// !$*UTF8*$!
{
	archiveVersion = 1;
	classes = {
	};
	objectVersion = 46;
	objects = {

/* Begin PBXBuildFile section */
		EE1E252B18E6B8D600F710CC /* JASidePanelController.m in Sources */ = {isa = PBXBuildFile; fileRef = EE1E252818E6B8D600F710CC /* JASidePanelController.m */; };
		EE1E252C18E6B8D600F710CC /* UIViewController+JASidePanel.m in Sources */ = {isa = PBXBuildFile; fileRef = EE1E252A18E6B8D600F710CC /* UIViewController+JASidePanel.m */; };
		EE1E252F18E6B8F800F710CC /* WDSHelperIndexedList.m in Sources */ = {isa = PBXBuildFile; fileRef = EE1E252E18E6B8F800F710CC /* WDSHelperIndexedList.m */; };
		EE1E253218E6B97400F710CC /* WDSSidePanelController.m in Sources */ = {isa = PBXBuildFile; fileRef = EE1E253118E6B97400F710CC /* WDSSidePanelController.m */; };
		EE1E253518E6B9E600F710CC /* WDSMenuPanelTableViewController.m in Sources */ = {isa = PBXBuildFile; fileRef = EE1E253418E6B9E600F710CC /* WDSMenuPanelTableViewController.m */; };
		EE1E253818E6BDFD00F710CC /* WDSCollectionViewController.m in Sources */ = {isa = PBXBuildFile; fileRef = EE1E253718E6BDFD00F710CC /* WDSCollectionViewController.m */; };
		EE1E253B18E6C08700F710CC /* WDSFriend.m in Sources */ = {isa = PBXBuildFile; fileRef = EE1E253A18E6C08700F710CC /* WDSFriend.m */; };
		EE1E253E18E6C16C00F710CC /* WDSDream.m in Sources */ = {isa = PBXBuildFile; fileRef = EE1E253D18E6C16C00F710CC /* WDSDream.m */; };
		EE1E254118E6E57300F710CC /* WDSAddDreamViewController.m in Sources */ = {isa = PBXBuildFile; fileRef = EE1E254018E6E57300F710CC /* WDSAddDreamViewController.m */; };
		EEE78ACF18E6A71700B055A3 /* Foundation.framework in Frameworks */ = {isa = PBXBuildFile; fileRef = EEE78ACE18E6A71700B055A3 /* Foundation.framework */; };
		EEE78AD118E6A71700B055A3 /* CoreGraphics.framework in Frameworks */ = {isa = PBXBuildFile; fileRef = EEE78AD018E6A71700B055A3 /* CoreGraphics.framework */; };
		EEE78AD318E6A71700B055A3 /* UIKit.framework in Frameworks */ = {isa = PBXBuildFile; fileRef = EEE78AD218E6A71700B055A3 /* UIKit.framework */; };
		EEE78AD918E6A71700B055A3 /* InfoPlist.strings in Resources */ = {isa = PBXBuildFile; fileRef = EEE78AD718E6A71700B055A3 /* InfoPlist.strings */; };
		EEE78ADB18E6A71700B055A3 /* main.m in Sources */ = {isa = PBXBuildFile; fileRef = EEE78ADA18E6A71700B055A3 /* main.m */; };
		EEE78ADF18E6A71700B055A3 /* WDSAppDelegate.m in Sources */ = {isa = PBXBuildFile; fileRef = EEE78ADE18E6A71700B055A3 /* WDSAppDelegate.m */; };
		EEE78AE218E6A71700B055A3 /* Main.storyboard in Resources */ = {isa = PBXBuildFile; fileRef = EEE78AE018E6A71700B055A3 /* Main.storyboard */; };
		EEE78AE518E6A71700B055A3 /* WDSMasterViewController.m in Sources */ = {isa = PBXBuildFile; fileRef = EEE78AE418E6A71700B055A3 /* WDSMasterViewController.m */; };
		EEE78AE818E6A71700B055A3 /* WDSDetailViewController.m in Sources */ = {isa = PBXBuildFile; fileRef = EEE78AE718E6A71700B055A3 /* WDSDetailViewController.m */; };
		EEE78AEA18E6A71700B055A3 /* Images.xcassets in Resources */ = {isa = PBXBuildFile; fileRef = EEE78AE918E6A71700B055A3 /* Images.xcassets */; };
		EEE78AF118E6A71700B055A3 /* XCTest.framework in Frameworks */ = {isa = PBXBuildFile; fileRef = EEE78AF018E6A71700B055A3 /* XCTest.framework */; };
		EEE78AF218E6A71700B055A3 /* Foundation.framework in Frameworks */ = {isa = PBXBuildFile; fileRef = EEE78ACE18E6A71700B055A3 /* Foundation.framework */; };
		EEE78AF318E6A71700B055A3 /* UIKit.framework in Frameworks */ = {isa = PBXBuildFile; fileRef = EEE78AD218E6A71700B055A3 /* UIKit.framework */; };
		EEE78AFB18E6A71700B055A3 /* InfoPlist.strings in Resources */ = {isa = PBXBuildFile; fileRef = EEE78AF918E6A71700B055A3 /* InfoPlist.strings */; };
		EEE78AFD18E6A71700B055A3 /* WeDreamsTests.m in Sources */ = {isa = PBXBuildFile; fileRef = EEE78AFC18E6A71700B055A3 /* WeDreamsTests.m */; };
		EEE78B1318E6AD4000B055A3 /* libWeChatSDK.a in Frameworks */ = {isa = PBXBuildFile; fileRef = EEE78B1018E6AD4000B055A3 /* libWeChatSDK.a */; };
		FEA93CA518E72439009ED8B9 /* WeChatManager.m in Sources */ = {isa = PBXBuildFile; fileRef = FEA93CA418E72439009ED8B9 /* WeChatManager.m */; };
/* End PBXBuildFile section */

/* Begin PBXContainerItemProxy section */
		EEE78AF418E6A71700B055A3 /* PBXContainerItemProxy */ = {
			isa = PBXContainerItemProxy;
			containerPortal = EEE78AC318E6A71700B055A3 /* Project object */;
			proxyType = 1;
			remoteGlobalIDString = EEE78ACA18E6A71700B055A3;
			remoteInfo = WeDreams;
		};
/* End PBXContainerItemProxy section */

/* Begin PBXFileReference section */
		EE1E252718E6B8D600F710CC /* JASidePanelController.h */ = {isa = PBXFileReference; fileEncoding = 4; lastKnownFileType = sourcecode.c.h; path = JASidePanelController.h; sourceTree = "<group>"; };
		EE1E252818E6B8D600F710CC /* JASidePanelController.m */ = {isa = PBXFileReference; fileEncoding = 4; lastKnownFileType = sourcecode.c.objc; path = JASidePanelController.m; sourceTree = "<group>"; };
		EE1E252918E6B8D600F710CC /* UIViewController+JASidePanel.h */ = {isa = PBXFileReference; fileEncoding = 4; lastKnownFileType = sourcecode.c.h; path = "UIViewController+JASidePanel.h"; sourceTree = "<group>"; };
		EE1E252A18E6B8D600F710CC /* UIViewController+JASidePanel.m */ = {isa = PBXFileReference; fileEncoding = 4; lastKnownFileType = sourcecode.c.objc; path = "UIViewController+JASidePanel.m"; sourceTree = "<group>"; };
		EE1E252D18E6B8F800F710CC /* WDSHelperIndexedList.h */ = {isa = PBXFileReference; fileEncoding = 4; lastKnownFileType = sourcecode.c.h; path = WDSHelperIndexedList.h; sourceTree = "<group>"; };
		EE1E252E18E6B8F800F710CC /* WDSHelperIndexedList.m */ = {isa = PBXFileReference; fileEncoding = 4; lastKnownFileType = sourcecode.c.objc; path = WDSHelperIndexedList.m; sourceTree = "<group>"; };
		EE1E253018E6B97400F710CC /* WDSSidePanelController.h */ = {isa = PBXFileReference; fileEncoding = 4; lastKnownFileType = sourcecode.c.h; path = WDSSidePanelController.h; sourceTree = "<group>"; };
		EE1E253118E6B97400F710CC /* WDSSidePanelController.m */ = {isa = PBXFileReference; fileEncoding = 4; lastKnownFileType = sourcecode.c.objc; path = WDSSidePanelController.m; sourceTree = "<group>"; };
		EE1E253318E6B9E600F710CC /* WDSMenuPanelTableViewController.h */ = {isa = PBXFileReference; fileEncoding = 4; lastKnownFileType = sourcecode.c.h; path = WDSMenuPanelTableViewController.h; sourceTree = "<group>"; };
		EE1E253418E6B9E600F710CC /* WDSMenuPanelTableViewController.m */ = {isa = PBXFileReference; fileEncoding = 4; lastKnownFileType = sourcecode.c.objc; path = WDSMenuPanelTableViewController.m; sourceTree = "<group>"; };
		EE1E253618E6BDFD00F710CC /* WDSCollectionViewController.h */ = {isa = PBXFileReference; fileEncoding = 4; lastKnownFileType = sourcecode.c.h; path = WDSCollectionViewController.h; sourceTree = "<group>"; };
		EE1E253718E6BDFD00F710CC /* WDSCollectionViewController.m */ = {isa = PBXFileReference; fileEncoding = 4; lastKnownFileType = sourcecode.c.objc; path = WDSCollectionViewController.m; sourceTree = "<group>"; };
		EE1E253918E6C08700F710CC /* WDSFriend.h */ = {isa = PBXFileReference; fileEncoding = 4; lastKnownFileType = sourcecode.c.h; path = WDSFriend.h; sourceTree = "<group>"; };
		EE1E253A18E6C08700F710CC /* WDSFriend.m */ = {isa = PBXFileReference; fileEncoding = 4; lastKnownFileType = sourcecode.c.objc; path = WDSFriend.m; sourceTree = "<group>"; };
		EE1E253C18E6C16C00F710CC /* WDSDream.h */ = {isa = PBXFileReference; fileEncoding = 4; lastKnownFileType = sourcecode.c.h; path = WDSDream.h; sourceTree = "<group>"; };
		EE1E253D18E6C16C00F710CC /* WDSDream.m */ = {isa = PBXFileReference; fileEncoding = 4; lastKnownFileType = sourcecode.c.objc; path = WDSDream.m; sourceTree = "<group>"; };
		EE1E253F18E6E57300F710CC /* WDSAddDreamViewController.h */ = {isa = PBXFileReference; fileEncoding = 4; lastKnownFileType = sourcecode.c.h; path = WDSAddDreamViewController.h; sourceTree = "<group>"; };
		EE1E254018E6E57300F710CC /* WDSAddDreamViewController.m */ = {isa = PBXFileReference; fileEncoding = 4; lastKnownFileType = sourcecode.c.objc; path = WDSAddDreamViewController.m; sourceTree = "<group>"; };
		EEE78ACB18E6A71700B055A3 /* WeDreams.app */ = {isa = PBXFileReference; explicitFileType = wrapper.application; includeInIndex = 0; path = WeDreams.app; sourceTree = BUILT_PRODUCTS_DIR; };
		EEE78ACE18E6A71700B055A3 /* Foundation.framework */ = {isa = PBXFileReference; lastKnownFileType = wrapper.framework; name = Foundation.framework; path = System/Library/Frameworks/Foundation.framework; sourceTree = SDKROOT; };
		EEE78AD018E6A71700B055A3 /* CoreGraphics.framework */ = {isa = PBXFileReference; lastKnownFileType = wrapper.framework; name = CoreGraphics.framework; path = System/Library/Frameworks/CoreGraphics.framework; sourceTree = SDKROOT; };
		EEE78AD218E6A71700B055A3 /* UIKit.framework */ = {isa = PBXFileReference; lastKnownFileType = wrapper.framework; name = UIKit.framework; path = System/Library/Frameworks/UIKit.framework; sourceTree = SDKROOT; };
		EEE78AD618E6A71700B055A3 /* WeDreams-Info.plist */ = {isa = PBXFileReference; lastKnownFileType = text.plist.xml; path = "WeDreams-Info.plist"; sourceTree = "<group>"; };
		EEE78AD818E6A71700B055A3 /* en */ = {isa = PBXFileReference; lastKnownFileType = text.plist.strings; name = en; path = en.lproj/InfoPlist.strings; sourceTree = "<group>"; };
		EEE78ADA18E6A71700B055A3 /* main.m */ = {isa = PBXFileReference; lastKnownFileType = sourcecode.c.objc; path = main.m; sourceTree = "<group>"; };
		EEE78ADC18E6A71700B055A3 /* WeDreams-Prefix.pch */ = {isa = PBXFileReference; lastKnownFileType = sourcecode.c.h; path = "WeDreams-Prefix.pch"; sourceTree = "<group>"; };
		EEE78ADD18E6A71700B055A3 /* WDSAppDelegate.h */ = {isa = PBXFileReference; lastKnownFileType = sourcecode.c.h; path = WDSAppDelegate.h; sourceTree = "<group>"; };
		EEE78ADE18E6A71700B055A3 /* WDSAppDelegate.m */ = {isa = PBXFileReference; lastKnownFileType = sourcecode.c.objc; path = WDSAppDelegate.m; sourceTree = "<group>"; };
		EEE78AE118E6A71700B055A3 /* Base */ = {isa = PBXFileReference; lastKnownFileType = file.storyboard; name = Base; path = Base.lproj/Main.storyboard; sourceTree = "<group>"; };
		EEE78AE318E6A71700B055A3 /* WDSMasterViewController.h */ = {isa = PBXFileReference; lastKnownFileType = sourcecode.c.h; path = WDSMasterViewController.h; sourceTree = "<group>"; };
		EEE78AE418E6A71700B055A3 /* WDSMasterViewController.m */ = {isa = PBXFileReference; lastKnownFileType = sourcecode.c.objc; path = WDSMasterViewController.m; sourceTree = "<group>"; };
		EEE78AE618E6A71700B055A3 /* WDSDetailViewController.h */ = {isa = PBXFileReference; lastKnownFileType = sourcecode.c.h; path = WDSDetailViewController.h; sourceTree = "<group>"; };
		EEE78AE718E6A71700B055A3 /* WDSDetailViewController.m */ = {isa = PBXFileReference; lastKnownFileType = sourcecode.c.objc; path = WDSDetailViewController.m; sourceTree = "<group>"; };
		EEE78AE918E6A71700B055A3 /* Images.xcassets */ = {isa = PBXFileReference; lastKnownFileType = folder.assetcatalog; path = Images.xcassets; sourceTree = "<group>"; };
		EEE78AEF18E6A71700B055A3 /* WeDreamsTests.xctest */ = {isa = PBXFileReference; explicitFileType = wrapper.cfbundle; includeInIndex = 0; path = WeDreamsTests.xctest; sourceTree = BUILT_PRODUCTS_DIR; };
		EEE78AF018E6A71700B055A3 /* XCTest.framework */ = {isa = PBXFileReference; lastKnownFileType = wrapper.framework; name = XCTest.framework; path = Library/Frameworks/XCTest.framework; sourceTree = DEVELOPER_DIR; };
		EEE78AF818E6A71700B055A3 /* WeDreamsTests-Info.plist */ = {isa = PBXFileReference; lastKnownFileType = text.plist.xml; path = "WeDreamsTests-Info.plist"; sourceTree = "<group>"; };
		EEE78AFA18E6A71700B055A3 /* en */ = {isa = PBXFileReference; lastKnownFileType = text.plist.strings; name = en; path = en.lproj/InfoPlist.strings; sourceTree = "<group>"; };
		EEE78AFC18E6A71700B055A3 /* WeDreamsTests.m */ = {isa = PBXFileReference; lastKnownFileType = sourcecode.c.objc; path = WeDreamsTests.m; sourceTree = "<group>"; };
		EEE78B1018E6AD4000B055A3 /* libWeChatSDK.a */ = {isa = PBXFileReference; lastKnownFileType = archive.ar; path = libWeChatSDK.a; sourceTree = "<group>"; };
		EEE78B1118E6AD4000B055A3 /* WXApi.h */ = {isa = PBXFileReference; fileEncoding = 4; lastKnownFileType = sourcecode.c.h; path = WXApi.h; sourceTree = "<group>"; };
		EEE78B1218E6AD4000B055A3 /* WXApiObject.h */ = {isa = PBXFileReference; fileEncoding = 4; lastKnownFileType = sourcecode.c.h; path = WXApiObject.h; sourceTree = "<group>"; };
		FEA93CA318E72439009ED8B9 /* WeChatManager.h */ = {isa = PBXFileReference; fileEncoding = 4; lastKnownFileType = sourcecode.c.h; path = WeChatManager.h; sourceTree = "<group>"; };
		FEA93CA418E72439009ED8B9 /* WeChatManager.m */ = {isa = PBXFileReference; fileEncoding = 4; lastKnownFileType = sourcecode.c.objc; path = WeChatManager.m; sourceTree = "<group>"; };
/* End PBXFileReference section */

/* Begin PBXFrameworksBuildPhase section */
		EEE78AC818E6A71700B055A3 /* Frameworks */ = {
			isa = PBXFrameworksBuildPhase;
			buildActionMask = 2147483647;
			files = (
				EEE78AD118E6A71700B055A3 /* CoreGraphics.framework in Frameworks */,
				EEE78AD318E6A71700B055A3 /* UIKit.framework in Frameworks */,
				EEE78B1318E6AD4000B055A3 /* libWeChatSDK.a in Frameworks */,
				EEE78ACF18E6A71700B055A3 /* Foundation.framework in Frameworks */,
			);
			runOnlyForDeploymentPostprocessing = 0;
		};
		EEE78AEC18E6A71700B055A3 /* Frameworks */ = {
			isa = PBXFrameworksBuildPhase;
			buildActionMask = 2147483647;
			files = (
				EEE78AF118E6A71700B055A3 /* XCTest.framework in Frameworks */,
				EEE78AF318E6A71700B055A3 /* UIKit.framework in Frameworks */,
				EEE78AF218E6A71700B055A3 /* Foundation.framework in Frameworks */,
			);
			runOnlyForDeploymentPostprocessing = 0;
		};
/* End PBXFrameworksBuildPhase section */

/* Begin PBXGroup section */
		EE1E252518E6B8B600F710CC /* JASidePanels */ = {
			isa = PBXGroup;
			children = (
				EE1E252718E6B8D600F710CC /* JASidePanelController.h */,
				EE1E252818E6B8D600F710CC /* JASidePanelController.m */,
				EE1E252918E6B8D600F710CC /* UIViewController+JASidePanel.h */,
				EE1E252A18E6B8D600F710CC /* UIViewController+JASidePanel.m */,
			);
			name = JASidePanels;
			sourceTree = "<group>";
		};
		EE1E252618E6B8C400F710CC /* Helper */ = {
			isa = PBXGroup;
			children = (
				FEA93CA318E72439009ED8B9 /* WeChatManager.h */,
				FEA93CA418E72439009ED8B9 /* WeChatManager.m */,
				EE1E252D18E6B8F800F710CC /* WDSHelperIndexedList.h */,
				EE1E252E18E6B8F800F710CC /* WDSHelperIndexedList.m */,
			);
			name = Helper;
			sourceTree = "<group>";
		};
		EEE78AC218E6A71700B055A3 = {
			isa = PBXGroup;
			children = (
				EEE78AD418E6A71700B055A3 /* WeDreams */,
				EEE78AF618E6A71700B055A3 /* WeDreamsTests */,
				EEE78ACD18E6A71700B055A3 /* Frameworks */,
				EEE78ACC18E6A71700B055A3 /* Products */,
			);
			sourceTree = "<group>";
		};
		EEE78ACC18E6A71700B055A3 /* Products */ = {
			isa = PBXGroup;
			children = (
				EEE78ACB18E6A71700B055A3 /* WeDreams.app */,
				EEE78AEF18E6A71700B055A3 /* WeDreamsTests.xctest */,
			);
			name = Products;
			sourceTree = "<group>";
		};
		EEE78ACD18E6A71700B055A3 /* Frameworks */ = {
			isa = PBXGroup;
			children = (
				EEE78ACE18E6A71700B055A3 /* Foundation.framework */,
				EEE78AD018E6A71700B055A3 /* CoreGraphics.framework */,
				EEE78AD218E6A71700B055A3 /* UIKit.framework */,
				EEE78AF018E6A71700B055A3 /* XCTest.framework */,
			);
			name = Frameworks;
			sourceTree = "<group>";
		};
		EEE78AD418E6A71700B055A3 /* WeDreams */ = {
			isa = PBXGroup;
			children = (
				EE1E252618E6B8C400F710CC /* Helper */,
				EE1E252518E6B8B600F710CC /* JASidePanels */,
				EEE78B0F18E6AD4000B055A3 /* SDKExport */,
				EEE78B0718E6A73900B055A3 /* Model */,
				EEE78B0618E6A73100B055A3 /* Controller */,
				EEE78ADD18E6A71700B055A3 /* WDSAppDelegate.h */,
				EEE78ADE18E6A71700B055A3 /* WDSAppDelegate.m */,
				EEE78AE018E6A71700B055A3 /* Main.storyboard */,
				EEE78AE918E6A71700B055A3 /* Images.xcassets */,
				EEE78AD518E6A71700B055A3 /* Supporting Files */,
			);
			path = WeDreams;
			sourceTree = "<group>";
		};
		EEE78AD518E6A71700B055A3 /* Supporting Files */ = {
			isa = PBXGroup;
			children = (
				EEE78AD618E6A71700B055A3 /* WeDreams-Info.plist */,
				EEE78AD718E6A71700B055A3 /* InfoPlist.strings */,
				EEE78ADA18E6A71700B055A3 /* main.m */,
				EEE78ADC18E6A71700B055A3 /* WeDreams-Prefix.pch */,
			);
			name = "Supporting Files";
			sourceTree = "<group>";
		};
		EEE78AF618E6A71700B055A3 /* WeDreamsTests */ = {
			isa = PBXGroup;
			children = (
				EEE78AFC18E6A71700B055A3 /* WeDreamsTests.m */,
				EEE78AF718E6A71700B055A3 /* Supporting Files */,
			);
			path = WeDreamsTests;
			sourceTree = "<group>";
		};
		EEE78AF718E6A71700B055A3 /* Supporting Files */ = {
			isa = PBXGroup;
			children = (
				EEE78AF818E6A71700B055A3 /* WeDreamsTests-Info.plist */,
				EEE78AF918E6A71700B055A3 /* InfoPlist.strings */,
			);
			name = "Supporting Files";
			sourceTree = "<group>";
		};
		EEE78B0618E6A73100B055A3 /* Controller */ = {
			isa = PBXGroup;
			children = (
				EE1E253318E6B9E600F710CC /* WDSMenuPanelTableViewController.h */,
				EE1E253418E6B9E600F710CC /* WDSMenuPanelTableViewController.m */,
				EE1E253018E6B97400F710CC /* WDSSidePanelController.h */,
				EE1E253118E6B97400F710CC /* WDSSidePanelController.m */,
				EEE78AE318E6A71700B055A3 /* WDSMasterViewController.h */,
				EEE78AE418E6A71700B055A3 /* WDSMasterViewController.m */,
				EEE78AE618E6A71700B055A3 /* WDSDetailViewController.h */,
				EEE78AE718E6A71700B055A3 /* WDSDetailViewController.m */,
				EE1E253618E6BDFD00F710CC /* WDSCollectionViewController.h */,
				EE1E253718E6BDFD00F710CC /* WDSCollectionViewController.m */,
				EE1E253F18E6E57300F710CC /* WDSAddDreamViewController.h */,
				EE1E254018E6E57300F710CC /* WDSAddDreamViewController.m */,
			);
			name = Controller;
			sourceTree = "<group>";
		};
		EEE78B0718E6A73900B055A3 /* Model */ = {
			isa = PBXGroup;
			children = (
				EE1E253918E6C08700F710CC /* WDSFriend.h */,
				EE1E253A18E6C08700F710CC /* WDSFriend.m */,
				EE1E253C18E6C16C00F710CC /* WDSDream.h */,
				EE1E253D18E6C16C00F710CC /* WDSDream.m */,
			);
			name = Model;
			sourceTree = "<group>";
		};
		EEE78B0F18E6AD4000B055A3 /* SDKExport */ = {
			isa = PBXGroup;
			children = (
				EEE78B1018E6AD4000B055A3 /* libWeChatSDK.a */,
				EEE78B1118E6AD4000B055A3 /* WXApi.h */,
				EEE78B1218E6AD4000B055A3 /* WXApiObject.h */,
			);
			path = SDKExport;
			sourceTree = "<group>";
		};
/* End PBXGroup section */

/* Begin PBXNativeTarget section */
		EEE78ACA18E6A71700B055A3 /* WeDreams */ = {
			isa = PBXNativeTarget;
			buildConfigurationList = EEE78B0018E6A71700B055A3 /* Build configuration list for PBXNativeTarget "WeDreams" */;
			buildPhases = (
				EEE78AC718E6A71700B055A3 /* Sources */,
				EEE78AC818E6A71700B055A3 /* Frameworks */,
				EEE78AC918E6A71700B055A3 /* Resources */,
			);
			buildRules = (
			);
			dependencies = (
			);
			name = WeDreams;
			productName = WeDreams;
			productReference = EEE78ACB18E6A71700B055A3 /* WeDreams.app */;
			productType = "com.apple.product-type.application";
		};
		EEE78AEE18E6A71700B055A3 /* WeDreamsTests */ = {
			isa = PBXNativeTarget;
			buildConfigurationList = EEE78B0318E6A71700B055A3 /* Build configuration list for PBXNativeTarget "WeDreamsTests" */;
			buildPhases = (
				EEE78AEB18E6A71700B055A3 /* Sources */,
				EEE78AEC18E6A71700B055A3 /* Frameworks */,
				EEE78AED18E6A71700B055A3 /* Resources */,
			);
			buildRules = (
			);
			dependencies = (
				EEE78AF518E6A71700B055A3 /* PBXTargetDependency */,
			);
			name = WeDreamsTests;
			productName = WeDreamsTests;
			productReference = EEE78AEF18E6A71700B055A3 /* WeDreamsTests.xctest */;
			productType = "com.apple.product-type.bundle.unit-test";
		};
/* End PBXNativeTarget section */

/* Begin PBXProject section */
		EEE78AC318E6A71700B055A3 /* Project object */ = {
			isa = PBXProject;
			attributes = {
				CLASSPREFIX = WDS;
				LastUpgradeCheck = 0510;
				ORGANIZATIONNAME = flav;
				TargetAttributes = {
					EEE78AEE18E6A71700B055A3 = {
						TestTargetID = EEE78ACA18E6A71700B055A3;
					};
				};
			};
			buildConfigurationList = EEE78AC618E6A71700B055A3 /* Build configuration list for PBXProject "WeDreams" */;
			compatibilityVersion = "Xcode 3.2";
			developmentRegion = English;
			hasScannedForEncodings = 0;
			knownRegions = (
				en,
				Base,
			);
			mainGroup = EEE78AC218E6A71700B055A3;
			productRefGroup = EEE78ACC18E6A71700B055A3 /* Products */;
			projectDirPath = "";
			projectRoot = "";
			targets = (
				EEE78ACA18E6A71700B055A3 /* WeDreams */,
				EEE78AEE18E6A71700B055A3 /* WeDreamsTests */,
			);
		};
/* End PBXProject section */

/* Begin PBXResourcesBuildPhase section */
		EEE78AC918E6A71700B055A3 /* Resources */ = {
			isa = PBXResourcesBuildPhase;
			buildActionMask = 2147483647;
			files = (
				EEE78AEA18E6A71700B055A3 /* Images.xcassets in Resources */,
				EEE78AD918E6A71700B055A3 /* InfoPlist.strings in Resources */,
				EEE78AE218E6A71700B055A3 /* Main.storyboard in Resources */,
			);
			runOnlyForDeploymentPostprocessing = 0;
		};
		EEE78AED18E6A71700B055A3 /* Resources */ = {
			isa = PBXResourcesBuildPhase;
			buildActionMask = 2147483647;
			files = (
				EEE78AFB18E6A71700B055A3 /* InfoPlist.strings in Resources */,
			);
			runOnlyForDeploymentPostprocessing = 0;
		};
/* End PBXResourcesBuildPhase section */

/* Begin PBXSourcesBuildPhase section */
		EEE78AC718E6A71700B055A3 /* Sources */ = {
			isa = PBXSourcesBuildPhase;
			buildActionMask = 2147483647;
			files = (
				EE1E253B18E6C08700F710CC /* WDSFriend.m in Sources */,
				EEE78AE818E6A71700B055A3 /* WDSDetailViewController.m in Sources */,
				FEA93CA518E72439009ED8B9 /* WeChatManager.m in Sources */,
				EE1E253518E6B9E600F710CC /* WDSMenuPanelTableViewController.m in Sources */,
				EE1E252B18E6B8D600F710CC /* JASidePanelController.m in Sources */,
				EE1E253E18E6C16C00F710CC /* WDSDream.m in Sources */,
				EEE78AE518E6A71700B055A3 /* WDSMasterViewController.m in Sources */,
				EE1E252F18E6B8F800F710CC /* WDSHelperIndexedList.m in Sources */,
				EE1E254118E6E57300F710CC /* WDSAddDreamViewController.m in Sources */,
				EE1E253818E6BDFD00F710CC /* WDSCollectionViewController.m in Sources */,
				EE1E253218E6B97400F710CC /* WDSSidePanelController.m in Sources */,
				EE1E252C18E6B8D600F710CC /* UIViewController+JASidePanel.m in Sources */,
				EEE78ADB18E6A71700B055A3 /* main.m in Sources */,
				EEE78ADF18E6A71700B055A3 /* WDSAppDelegate.m in Sources */,
			);
			runOnlyForDeploymentPostprocessing = 0;
		};
		EEE78AEB18E6A71700B055A3 /* Sources */ = {
			isa = PBXSourcesBuildPhase;
			buildActionMask = 2147483647;
			files = (
				EEE78AFD18E6A71700B055A3 /* WeDreamsTests.m in Sources */,
			);
			runOnlyForDeploymentPostprocessing = 0;
		};
/* End PBXSourcesBuildPhase section */

/* Begin PBXTargetDependency section */
		EEE78AF518E6A71700B055A3 /* PBXTargetDependency */ = {
			isa = PBXTargetDependency;
			target = EEE78ACA18E6A71700B055A3 /* WeDreams */;
			targetProxy = EEE78AF418E6A71700B055A3 /* PBXContainerItemProxy */;
		};
/* End PBXTargetDependency section */

/* Begin PBXVariantGroup section */
		EEE78AD718E6A71700B055A3 /* InfoPlist.strings */ = {
			isa = PBXVariantGroup;
			children = (
				EEE78AD818E6A71700B055A3 /* en */,
			);
			name = InfoPlist.strings;
			sourceTree = "<group>";
		};
		EEE78AE018E6A71700B055A3 /* Main.storyboard */ = {
			isa = PBXVariantGroup;
			children = (
				EEE78AE118E6A71700B055A3 /* Base */,
			);
			name = Main.storyboard;
			sourceTree = "<group>";
		};
		EEE78AF918E6A71700B055A3 /* InfoPlist.strings */ = {
			isa = PBXVariantGroup;
			children = (
				EEE78AFA18E6A71700B055A3 /* en */,
			);
			name = InfoPlist.strings;
			sourceTree = "<group>";
		};
/* End PBXVariantGroup section */

/* Begin XCBuildConfiguration section */
		EEE78AFE18E6A71700B055A3 /* Debug */ = {
			isa = XCBuildConfiguration;
			buildSettings = {
				ALWAYS_SEARCH_USER_PATHS = NO;
				CLANG_CXX_LANGUAGE_STANDARD = "gnu++0x";
				CLANG_CXX_LIBRARY = "libc++";
				CLANG_ENABLE_MODULES = YES;
				CLANG_ENABLE_OBJC_ARC = YES;
				CLANG_WARN_BOOL_CONVERSION = YES;
				CLANG_WARN_CONSTANT_CONVERSION = YES;
				CLANG_WARN_DIRECT_OBJC_ISA_USAGE = YES_ERROR;
				CLANG_WARN_EMPTY_BODY = YES;
				CLANG_WARN_ENUM_CONVERSION = YES;
				CLANG_WARN_INT_CONVERSION = YES;
				CLANG_WARN_OBJC_ROOT_CLASS = YES_ERROR;
				CLANG_WARN__DUPLICATE_METHOD_MATCH = YES;
				"CODE_SIGN_IDENTITY[sdk=iphoneos*]" = "iPhone Developer";
				COPY_PHASE_STRIP = NO;
				GCC_C_LANGUAGE_STANDARD = gnu99;
				GCC_DYNAMIC_NO_PIC = NO;
				GCC_OPTIMIZATION_LEVEL = 0;
				GCC_PREPROCESSOR_DEFINITIONS = (
					"DEBUG=1",
					"$(inherited)",
				);
				GCC_SYMBOLS_PRIVATE_EXTERN = NO;
				GCC_WARN_64_TO_32_BIT_CONVERSION = YES;
				GCC_WARN_ABOUT_RETURN_TYPE = YES_ERROR;
				GCC_WARN_UNDECLARED_SELECTOR = YES;
				GCC_WARN_UNINITIALIZED_AUTOS = YES_AGGRESSIVE;
				GCC_WARN_UNUSED_FUNCTION = YES;
				GCC_WARN_UNUSED_VARIABLE = YES;
				IPHONEOS_DEPLOYMENT_TARGET = 7.1;
				ONLY_ACTIVE_ARCH = YES;
				SDKROOT = iphoneos;
			};
			name = Debug;
		};
		EEE78AFF18E6A71700B055A3 /* Release */ = {
			isa = XCBuildConfiguration;
			buildSettings = {
				ALWAYS_SEARCH_USER_PATHS = NO;
				CLANG_CXX_LANGUAGE_STANDARD = "gnu++0x";
				CLANG_CXX_LIBRARY = "libc++";
				CLANG_ENABLE_MODULES = YES;
				CLANG_ENABLE_OBJC_ARC = YES;
				CLANG_WARN_BOOL_CONVERSION = YES;
				CLANG_WARN_CONSTANT_CONVERSION = YES;
				CLANG_WARN_DIRECT_OBJC_ISA_USAGE = YES_ERROR;
				CLANG_WARN_EMPTY_BODY = YES;
				CLANG_WARN_ENUM_CONVERSION = YES;
				CLANG_WARN_INT_CONVERSION = YES;
				CLANG_WARN_OBJC_ROOT_CLASS = YES_ERROR;
				CLANG_WARN__DUPLICATE_METHOD_MATCH = YES;
				"CODE_SIGN_IDENTITY[sdk=iphoneos*]" = "iPhone Developer";
				COPY_PHASE_STRIP = YES;
				ENABLE_NS_ASSERTIONS = NO;
				GCC_C_LANGUAGE_STANDARD = gnu99;
				GCC_WARN_64_TO_32_BIT_CONVERSION = YES;
				GCC_WARN_ABOUT_RETURN_TYPE = YES_ERROR;
				GCC_WARN_UNDECLARED_SELECTOR = YES;
				GCC_WARN_UNINITIALIZED_AUTOS = YES_AGGRESSIVE;
				GCC_WARN_UNUSED_FUNCTION = YES;
				GCC_WARN_UNUSED_VARIABLE = YES;
				IPHONEOS_DEPLOYMENT_TARGET = 7.1;
				SDKROOT = iphoneos;
				VALIDATE_PRODUCT = YES;
			};
			name = Release;
		};
		EEE78B0118E6A71700B055A3 /* Debug */ = {
			isa = XCBuildConfiguration;
			buildSettings = {
				ASSETCATALOG_COMPILER_APPICON_NAME = AppIcon;
				ASSETCATALOG_COMPILER_LAUNCHIMAGE_NAME = LaunchImage;
				GCC_PRECOMPILE_PREFIX_HEADER = YES;
				GCC_PREFIX_HEADER = "WeDreams/WeDreams-Prefix.pch";
				INFOPLIST_FILE = "WeDreams/WeDreams-Info.plist";
				LIBRARY_SEARCH_PATHS = (
					"$(inherited)",
					"$(PROJECT_DIR)/WeDreams/SDKExport",
				);
				ONLY_ACTIVE_ARCH = NO;
				PRODUCT_NAME = "$(TARGET_NAME)";
				VALID_ARCHS = "armv7 armv7s";
				WRAPPER_EXTENSION = app;
			};
			name = Debug;
		};
		EEE78B0218E6A71700B055A3 /* Release */ = {
			isa = XCBuildConfiguration;
			buildSettings = {
				ASSETCATALOG_COMPILER_APPICON_NAME = AppIcon;
				ASSETCATALOG_COMPILER_LAUNCHIMAGE_NAME = LaunchImage;
				GCC_PRECOMPILE_PREFIX_HEADER = YES;
				GCC_PREFIX_HEADER = "WeDreams/WeDreams-Prefix.pch";
				INFOPLIST_FILE = "WeDreams/WeDreams-Info.plist";
				LIBRARY_SEARCH_PATHS = (
					"$(inherited)",
					"$(PROJECT_DIR)/WeDreams/SDKExport",
				);
				PRODUCT_NAME = "$(TARGET_NAME)";
				VALID_ARCHS = "armv7 armv7s";
				WRAPPER_EXTENSION = app;
			};
			name = Release;
		};
		EEE78B0418E6A71700B055A3 /* Debug */ = {
			isa = XCBuildConfiguration;
			buildSettings = {
				BUNDLE_LOADER = "$(BUILT_PRODUCTS_DIR)/WeDreams.app/WeDreams";
				FRAMEWORK_SEARCH_PATHS = (
					"$(SDKROOT)/Developer/Library/Frameworks",
					"$(inherited)",
					"$(DEVELOPER_FRAMEWORKS_DIR)",
				);
				GCC_PRECOMPILE_PREFIX_HEADER = YES;
				GCC_PREFIX_HEADER = "WeDreams/WeDreams-Prefix.pch";
				GCC_PREPROCESSOR_DEFINITIONS = (
					"DEBUG=1",
					"$(inherited)",
				);
				INFOPLIST_FILE = "WeDreamsTests/WeDreamsTests-Info.plist";
				PRODUCT_NAME = "$(TARGET_NAME)";
				TEST_HOST = "$(BUNDLE_LOADER)";
				WRAPPER_EXTENSION = xctest;
			};
			name = Debug;
		};
		EEE78B0518E6A71700B055A3 /* Release */ = {
			isa = XCBuildConfiguration;
			buildSettings = {
				BUNDLE_LOADER = "$(BUILT_PRODUCTS_DIR)/WeDreams.app/WeDreams";
				FRAMEWORK_SEARCH_PATHS = (
					"$(SDKROOT)/Developer/Library/Frameworks",
					"$(inherited)",
					"$(DEVELOPER_FRAMEWORKS_DIR)",
				);
				GCC_PRECOMPILE_PREFIX_HEADER = YES;
				GCC_PREFIX_HEADER = "WeDreams/WeDreams-Prefix.pch";
				INFOPLIST_FILE = "WeDreamsTests/WeDreamsTests-Info.plist";
				PRODUCT_NAME = "$(TARGET_NAME)";
				TEST_HOST = "$(BUNDLE_LOADER)";
				WRAPPER_EXTENSION = xctest;
			};
			name = Release;
		};
/* End XCBuildConfiguration section */

/* Begin XCConfigurationList section */
		EEE78AC618E6A71700B055A3 /* Build configuration list for PBXProject "WeDreams" */ = {
			isa = XCConfigurationList;
			buildConfigurations = (
				EEE78AFE18E6A71700B055A3 /* Debug */,
				EEE78AFF18E6A71700B055A3 /* Release */,
			);
			defaultConfigurationIsVisible = 0;
			defaultConfigurationName = Release;
		};
		EEE78B0018E6A71700B055A3 /* Build configuration list for PBXNativeTarget "WeDreams" */ = {
			isa = XCConfigurationList;
			buildConfigurations = (
				EEE78B0118E6A71700B055A3 /* Debug */,
				EEE78B0218E6A71700B055A3 /* Release */,
			);
			defaultConfigurationIsVisible = 0;
			defaultConfigurationName = Release;
		};
		EEE78B0318E6A71700B055A3 /* Build configuration list for PBXNativeTarget "WeDreamsTests" */ = {
			isa = XCConfigurationList;
			buildConfigurations = (
				EEE78B0418E6A71700B055A3 /* Debug */,
				EEE78B0518E6A71700B055A3 /* Release */,
			);
			defaultConfigurationIsVisible = 0;
			defaultConfigurationName = Release;
		};
/* End XCConfigurationList section */
	};
	rootObject = EEE78AC318E6A71700B055A3 /* Project object */;
}
